
Microsoft Visual Studio Solution File, Format Version 12.00
# Visual Studio Version 16
VisualStudioVersion = 16.0.30413.136
MinimumVisualStudioVersion = 10.0.40219.1
Project("{FAE04EC0-301F-11D3-BF4B-00C04F79EFBC}") = "CKY", "CKY\CKY.csproj", "{FBD65B8F-2BD1-43A0-B1CD-4DEABD62553A}"
EndProject
Global
	GlobalSection(SolutionConfigurationPlatforms) = preSolution
		Debug|Any CPU = Debug|Any CPU
		Release|Any CPU = Release|Any CPU
	EndGlobalSection
	GlobalSection(ProjectConfigurationPlatforms) = postSolution
		{FBD65B8F-2BD1-43A0-B1CD-4DEABD62553A}.Debug|Any CPU.ActiveCfg = Debug|Any CPU
		{FBD65B8F-2BD1-43A0-B1CD-4DEABD62553A}.Debug|Any CPU.Build.0 = Debug|Any CPU
		{FBD65B8F-2BD1-43A0-B1CD-4DEABD62553A}.Release|Any CPU.ActiveCfg = Release|Any CPU
		{FBD65B8F-2BD1-43A0-B1CD-4DEABD62553A}.Release|Any CPU.Build.0 = Release|Any CPU
	EndGlobalSection
	GlobalSection(SolutionProperties) = preSolution
		HideSolutionNode = FALSE
	EndGlobalSection
	GlobalSection(ExtensibilityGlobals) = postSolution
		SolutionGuid = {E38EE615-F98D-4ABB-A91B-68D1DAF37B80}
	EndGlobalSection
EndGlobal
